
Microsoft Visual Studio Solution File, Format Version 12.00
# Visual Studio Version 17
VisualStudioVersion = 17.6.33829.357
MinimumVisualStudioVersion = 10.0.40219.1
Project("{FAE04EC0-301F-11D3-BF4B-00C04F79EFBC}") = "collectionsPractice", "collectionsPractice\collectionsPractice.csproj", "{5DA0261A-2D2E-482E-9666-C50F990683F5}"
EndProject
Global
	GlobalSection(SolutionConfigurationPlatforms) = preSolution
		Debug|Any CPU = Debug|Any CPU
		Release|Any CPU = Release|Any CPU
	EndGlobalSection
	GlobalSection(ProjectConfigurationPlatforms) = postSolution
		{5DA0261A-2D2E-482E-9666-C50F990683F5}.Debug|Any CPU.ActiveCfg = Debug|Any CPU
		{5DA0261A-2D2E-482E-9666-C50F990683F5}.Debug|Any CPU.Build.0 = Debug|Any CPU
		{5DA0261A-2D2E-482E-9666-C50F990683F5}.Release|Any CPU.ActiveCfg = Release|Any CPU
		{5DA0261A-2D2E-482E-9666-C50F990683F5}.Release|Any CPU.Build.0 = Release|Any CPU
	EndGlobalSection
	GlobalSection(SolutionProperties) = preSolution
		HideSolutionNode = FALSE
	EndGlobalSection
	GlobalSection(ExtensibilityGlobals) = postSolution
		SolutionGuid = {01219200-792B-40A7-BC40-FB08151B6FF8}
	EndGlobalSection
EndGlobal
